
Microsoft Visual Studio Solution File, Format Version 12.00
# Visual Studio 15
VisualStudioVersion = 15.0.27703.2047
MinimumVisualStudioVersion = 10.0.40219.1
Project("{9A19103F-16F7-4668-BE54-9A1E7A4F7556}") = "AbrasNigEnt", "AbrasNigEnt\AbrasNigEnt.csproj", "{C989701E-9E5D-4CEB-A50F-57260C9D6273}"
EndProject
Project("{9A19103F-16F7-4668-BE54-9A1E7A4F7556}") = "ExcelToSQL", "..\ExcelToSQL\ExcelToSQL\ExcelToSQL.csproj", "{6852D536-9FA1-4E20-BA8A-8FF828699C45}"
EndProject
Global
	GlobalSection(SolutionConfigurationPlatforms) = preSolution
		Debug|Any CPU = Debug|Any CPU
		Release|Any CPU = Release|Any CPU
	EndGlobalSection
	GlobalSection(ProjectConfigurationPlatforms) = postSolution
		{C989701E-9E5D-4CEB-A50F-57260C9D6273}.Debug|Any CPU.ActiveCfg = Debug|Any CPU
		{C989701E-9E5D-4CEB-A50F-57260C9D6273}.Debug|Any CPU.Build.0 = Debug|Any CPU
		{C989701E-9E5D-4CEB-A50F-57260C9D6273}.Release|Any CPU.ActiveCfg = Release|Any CPU
		{C989701E-9E5D-4CEB-A50F-57260C9D6273}.Release|Any CPU.Build.0 = Release|Any CPU
		{6852D536-9FA1-4E20-BA8A-8FF828699C45}.Debug|Any CPU.ActiveCfg = Debug|Any CPU
		{6852D536-9FA1-4E20-BA8A-8FF828699C45}.Debug|Any CPU.Build.0 = Debug|Any CPU
		{6852D536-9FA1-4E20-BA8A-8FF828699C45}.Release|Any CPU.ActiveCfg = Release|Any CPU
		{6852D536-9FA1-4E20-BA8A-8FF828699C45}.Release|Any CPU.Build.0 = Release|Any CPU
	EndGlobalSection
	GlobalSection(SolutionProperties) = preSolution
		HideSolutionNode = FALSE
	EndGlobalSection
	GlobalSection(ExtensibilityGlobals) = postSolution
		SolutionGuid = {8F0CDF65-2AC7-4C99-AE7C-2AC9953B06C7}
	EndGlobalSection
EndGlobal
